
Microsoft Visual Studio Solution File, Format Version 12.00
# Visual Studio Version 16
VisualStudioVersion = 25.0.1705.2
MinimumVisualStudioVersion = 10.0.40219.1
Project("{FAE04EC0-301F-11D3-BF4B-00C04F79EFBC}") = "OOP_GameAdventure", "OOP_GameAdventure\OOP_GameAdventure.csproj", "{FBE24155-D89C-4633-8C0D-5C691296CA1B}"
EndProject
Global
	GlobalSection(SolutionConfigurationPlatforms) = preSolution
		Debug|Any CPU = Debug|Any CPU
		Release|Any CPU = Release|Any CPU
	EndGlobalSection
	GlobalSection(ProjectConfigurationPlatforms) = postSolution
		{FBE24155-D89C-4633-8C0D-5C691296CA1B}.Debug|Any CPU.ActiveCfg = Debug|Any CPU
		{FBE24155-D89C-4633-8C0D-5C691296CA1B}.Debug|Any CPU.Build.0 = Debug|Any CPU
		{FBE24155-D89C-4633-8C0D-5C691296CA1B}.Release|Any CPU.ActiveCfg = Release|Any CPU
		{FBE24155-D89C-4633-8C0D-5C691296CA1B}.Release|Any CPU.Build.0 = Release|Any CPU
	EndGlobalSection
	GlobalSection(SolutionProperties) = preSolution
		HideSolutionNode = FALSE
	EndGlobalSection
	GlobalSection(ExtensibilityGlobals) = postSolution
		SolutionGuid = {83281BBB-F673-48F5-8876-8B1BD863BFA6}
	EndGlobalSection
EndGlobal
